// !$*UTF8*$!
{
	archiveVersion = 1;
	classes = {
	};
	objectVersion = 56;
	objects = {

/* Begin PBXBuildFile section */
		F309DF9029359F2C000E94F1 /* BiometricDataChartView.swift in Sources */ = {isa = PBXBuildFile; fileRef = F309DF8F29359F2C000E94F1 /* BiometricDataChartView.swift */; };
		F380233C292EA0BF00AE2C4A /* SummaryView.swift in Sources */ = {isa = PBXBuildFile; fileRef = F380233B292EA0BF00AE2C4A /* SummaryView.swift */; };
		F380233E292EA17600AE2C4A /* MetricsView.swift in Sources */ = {isa = PBXBuildFile; fileRef = F380233D292EA17600AE2C4A /* MetricsView.swift */; };
		F3802340292EA17E00AE2C4A /* ControlsView.swift in Sources */ = {isa = PBXBuildFile; fileRef = F380233F292EA17E00AE2C4A /* ControlsView.swift */; };
		F3802341292EECC100AE2C4A /* Styles.swift in Sources */ = {isa = PBXBuildFile; fileRef = F3F4068D2923FB3200CE2ED7 /* Styles.swift */; };
		F3802342292EED0100AE2C4A /* Extensions.swift in Sources */ = {isa = PBXBuildFile; fileRef = F3EDEE10291483BE00BD4849 /* Extensions.swift */; };
		F38023472932E26D00AE2C4A /* OdysseyEvents.swift in Sources */ = {isa = PBXBuildFile; fileRef = F38023462932E26D00AE2C4A /* OdysseyEvents.swift */; };
		F38023482932E26D00AE2C4A /* OdysseyEvents.swift in Sources */ = {isa = PBXBuildFile; fileRef = F38023462932E26D00AE2C4A /* OdysseyEvents.swift */; };
		F380234C2934488D00AE2C4A /* BioDataReflectionView.swift in Sources */ = {isa = PBXBuildFile; fileRef = F380234B2934488D00AE2C4A /* BioDataReflectionView.swift */; };
		F39BB1AA292AAB9E00D61AFD /* DataStore.xcdatamodeld in Sources */ = {isa = PBXBuildFile; fileRef = F3BFA9572917426000059E6C /* DataStore.xcdatamodeld */; };
		F39BB1B1292D848100D61AFD /* DataController.swift in Sources */ = {isa = PBXBuildFile; fileRef = F3BFA95C2918813600059E6C /* DataController.swift */; };
		F39BB1B2292D8CE100D61AFD /* StressManager.swift in Sources */ = {isa = PBXBuildFile; fileRef = F3EDEE19291505F900BD4849 /* StressManager.swift */; };
		F39BB1B3292D8D4D00D61AFD /* CheckIn.swift in Sources */ = {isa = PBXBuildFile; fileRef = F3A5211A2922AA140024EF98 /* CheckIn.swift */; };
		F39BB1B6292E99EB00D61AFD /* SessionPagingView.swift in Sources */ = {isa = PBXBuildFile; fileRef = F39BB1B5292E99EB00D61AFD /* SessionPagingView.swift */; };
		F39BB1B8292E9A1700D61AFD /* EpisodeManager.swift in Sources */ = {isa = PBXBuildFile; fileRef = F39BB1B7292E9A1700D61AFD /* EpisodeManager.swift */; };
		F3A5211B2922AA140024EF98 /* CheckIn.swift in Sources */ = {isa = PBXBuildFile; fileRef = F3A5211A2922AA140024EF98 /* CheckIn.swift */; };
		F3BFA9542915C51F00059E6C /* NavigationTest.swift in Sources */ = {isa = PBXBuildFile; fileRef = F3BFA9532915C51F00059E6C /* NavigationTest.swift */; };
		F3BFA9562917418000059E6C /* ProgressNotes.rtf in Resources */ = {isa = PBXBuildFile; fileRef = F3BFA9552917418000059E6C /* ProgressNotes.rtf */; };
		F3BFA9592917426000059E6C /* DataStore.xcdatamodeld in Sources */ = {isa = PBXBuildFile; fileRef = F3BFA9572917426000059E6C /* DataStore.xcdatamodeld */; };
		F3BFA95D2918813600059E6C /* DataController.swift in Sources */ = {isa = PBXBuildFile; fileRef = F3BFA95C2918813600059E6C /* DataController.swift */; };
		F3BFA9602918B0C700059E6C /* TestingView.swift in Sources */ = {isa = PBXBuildFile; fileRef = F3BFA95F2918B0C700059E6C /* TestingView.swift */; };
		F3EDEDA929147F6100BD4849 /* OdysseyOfMeApp.swift in Sources */ = {isa = PBXBuildFile; fileRef = F3EDEDA829147F6100BD4849 /* OdysseyOfMeApp.swift */; };
		F3EDEDAB29147F6100BD4849 /* ContentView.swift in Sources */ = {isa = PBXBuildFile; fileRef = F3EDEDAA29147F6100BD4849 /* ContentView.swift */; };
		F3EDEDAD29147F6200BD4849 /* Assets.xcassets in Resources */ = {isa = PBXBuildFile; fileRef = F3EDEDAC29147F6200BD4849 /* Assets.xcassets */; };
		F3EDEDB029147F6200BD4849 /* Preview Assets.xcassets in Resources */ = {isa = PBXBuildFile; fileRef = F3EDEDAF29147F6200BD4849 /* Preview Assets.xcassets */; };
		F3EDEDBA29147F6200BD4849 /* OdysseyOfMeTests.swift in Sources */ = {isa = PBXBuildFile; fileRef = F3EDEDB929147F6200BD4849 /* OdysseyOfMeTests.swift */; };
		F3EDEDC429147F6200BD4849 /* OdysseyOfMeUITests.swift in Sources */ = {isa = PBXBuildFile; fileRef = F3EDEDC329147F6200BD4849 /* OdysseyOfMeUITests.swift */; };
		F3EDEDC629147F6200BD4849 /* OdysseyOfMeUITestsLaunchTests.swift in Sources */ = {isa = PBXBuildFile; fileRef = F3EDEDC529147F6200BD4849 /* OdysseyOfMeUITestsLaunchTests.swift */; };
		F3EDEDCC29147F6200BD4849 /* OdysseyOfMe Watch App.app in Embed Watch Content */ = {isa = PBXBuildFile; fileRef = F3EDEDCB29147F6200BD4849 /* OdysseyOfMe Watch App.app */; settings = {ATTRIBUTES = (RemoveHeadersOnCopy, ); }; };
		F3EDEDD129147F6200BD4849 /* OdysseyOfMeApp.swift in Sources */ = {isa = PBXBuildFile; fileRef = F3EDEDD029147F6200BD4849 /* OdysseyOfMeApp.swift */; };
		F3EDEDD329147F6200BD4849 /* ContentView.swift in Sources */ = {isa = PBXBuildFile; fileRef = F3EDEDD229147F6200BD4849 /* ContentView.swift */; };
		F3EDEDD529147F6300BD4849 /* Assets.xcassets in Resources */ = {isa = PBXBuildFile; fileRef = F3EDEDD429147F6300BD4849 /* Assets.xcassets */; };
		F3EDEDD829147F6300BD4849 /* Preview Assets.xcassets in Resources */ = {isa = PBXBuildFile; fileRef = F3EDEDD729147F6300BD4849 /* Preview Assets.xcassets */; };
		F3EDEDE229147F6300BD4849 /* OdysseyOfMe_Watch_AppTests.swift in Sources */ = {isa = PBXBuildFile; fileRef = F3EDEDE129147F6300BD4849 /* OdysseyOfMe_Watch_AppTests.swift */; };
		F3EDEDEC29147F6300BD4849 /* OdysseyOfMe_Watch_AppUITests.swift in Sources */ = {isa = PBXBuildFile; fileRef = F3EDEDEB29147F6300BD4849 /* OdysseyOfMe_Watch_AppUITests.swift */; };
		F3EDEDEE29147F6300BD4849 /* OdysseyOfMe_Watch_AppUITestsLaunchTests.swift in Sources */ = {isa = PBXBuildFile; fileRef = F3EDEDED29147F6300BD4849 /* OdysseyOfMe_Watch_AppUITestsLaunchTests.swift */; };
		F3EDEE062914800400BD4849 /* TabNavView.swift in Sources */ = {isa = PBXBuildFile; fileRef = F3EDEE052914800400BD4849 /* TabNavView.swift */; };
		F3EDEE082914812300BD4849 /* CheckinView.swift in Sources */ = {isa = PBXBuildFile; fileRef = F3EDEE072914812300BD4849 /* CheckinView.swift */; };
		F3EDEE0A2914816500BD4849 /* HistoryView.swift in Sources */ = {isa = PBXBuildFile; fileRef = F3EDEE092914816500BD4849 /* HistoryView.swift */; };
		F3EDEE0C2914817F00BD4849 /* AccountView.swift in Sources */ = {isa = PBXBuildFile; fileRef = F3EDEE0B2914817F00BD4849 /* AccountView.swift */; };
		F3EDEE0F2914829600BD4849 /* CustomComponents.swift in Sources */ = {isa = PBXBuildFile; fileRef = F3EDEE0E2914829600BD4849 /* CustomComponents.swift */; };
		F3EDEE11291483BE00BD4849 /* Extensions.swift in Sources */ = {isa = PBXBuildFile; fileRef = F3EDEE10291483BE00BD4849 /* Extensions.swift */; };
		F3EDEE142914916300BD4849 /* CheckinViewModel.swift in Sources */ = {isa = PBXBuildFile; fileRef = F3EDEE132914916300BD4849 /* CheckinViewModel.swift */; };
		F3EDEE162914B62300BD4849 /* UserSettings.swift in Sources */ = {isa = PBXBuildFile; fileRef = F3EDEE152914B62300BD4849 /* UserSettings.swift */; };
		F3EDEE182914B6C500BD4849 /* DiagnosisManager.swift in Sources */ = {isa = PBXBuildFile; fileRef = F3EDEE172914B6C500BD4849 /* DiagnosisManager.swift */; };
		F3EDEE1A291505F900BD4849 /* StressManager.swift in Sources */ = {isa = PBXBuildFile; fileRef = F3EDEE19291505F900BD4849 /* StressManager.swift */; };
		F3F4068A2923049000CE2ED7 /* confetti.gif in Resources */ = {isa = PBXBuildFile; fileRef = F3F406892923049000CE2ED7 /* confetti.gif */; };
		F3F4068C2923EFDF00CE2ED7 /* TermsSheetViews.swift in Sources */ = {isa = PBXBuildFile; fileRef = F3F4068B2923EFDF00CE2ED7 /* TermsSheetViews.swift */; };
		F3F4068E2923FB3200CE2ED7 /* Styles.swift in Sources */ = {isa = PBXBuildFile; fileRef = F3F4068D2923FB3200CE2ED7 /* Styles.swift */; };
		F3F4069429240D6900CE2ED7 /* ProgressView.swift in Sources */ = {isa = PBXBuildFile; fileRef = F3F4069329240D6900CE2ED7 /* ProgressView.swift */; };
		F3F406CD29243E4500CE2ED7 /* Raleway-ExtraBoldItalic.ttf in Resources */ = {isa = PBXBuildFile; fileRef = F3F406BB29243E4400CE2ED7 /* Raleway-ExtraBoldItalic.ttf */; };
		F3F406CE29243E4500CE2ED7 /* Raleway-Medium.ttf in Resources */ = {isa = PBXBuildFile; fileRef = F3F406BC29243E4400CE2ED7 /* Raleway-Medium.ttf */; };
		F3F406CF29243E4500CE2ED7 /* Raleway-Italic.ttf in Resources */ = {isa = PBXBuildFile; fileRef = F3F406BD29243E4400CE2ED7 /* Raleway-Italic.ttf */; };
		F3F406D029243E4500CE2ED7 /* Raleway-MediumItalic.ttf in Resources */ = {isa = PBXBuildFile; fileRef = F3F406BE29243E4400CE2ED7 /* Raleway-MediumItalic.ttf */; };
		F3F406D129243E4500CE2ED7 /* Raleway-SemiBold.ttf in Resources */ = {isa = PBXBuildFile; fileRef = F3F406BF29243E4400CE2ED7 /* Raleway-SemiBold.ttf */; };
		F3F406D229243E4500CE2ED7 /* Raleway-ExtraLightItalic.ttf in Resources */ = {isa = PBXBuildFile; fileRef = F3F406C029243E4400CE2ED7 /* Raleway-ExtraLightItalic.ttf */; };
		F3F406D329243E4500CE2ED7 /* Raleway-BlackItalic.ttf in Resources */ = {isa = PBXBuildFile; fileRef = F3F406C129243E4400CE2ED7 /* Raleway-BlackItalic.ttf */; };
		F3F406D429243E4500CE2ED7 /* Raleway-Light.ttf in Resources */ = {isa = PBXBuildFile; fileRef = F3F406C229243E4400CE2ED7 /* Raleway-Light.ttf */; };
		F3F406D529243E4500CE2ED7 /* Raleway-Thin.ttf in Resources */ = {isa = PBXBuildFile; fileRef = F3F406C329243E4400CE2ED7 /* Raleway-Thin.ttf */; };
		F3F406D629243E4500CE2ED7 /* Raleway-ExtraBold.ttf in Resources */ = {isa = PBXBuildFile; fileRef = F3F406C429243E4500CE2ED7 /* Raleway-ExtraBold.ttf */; };
		F3F406D729243E4500CE2ED7 /* Raleway-Bold.ttf in Resources */ = {isa = PBXBuildFile; fileRef = F3F406C529243E4500CE2ED7 /* Raleway-Bold.ttf */; };
		F3F406D829243E4500CE2ED7 /* Raleway-ExtraLight.ttf in Resources */ = {isa = PBXBuildFile; fileRef = F3F406C629243E4500CE2ED7 /* Raleway-ExtraLight.ttf */; };
		F3F406D929243E4500CE2ED7 /* Raleway-SemiBoldItalic.ttf in Resources */ = {isa = PBXBuildFile; fileRef = F3F406C729243E4500CE2ED7 /* Raleway-SemiBoldItalic.ttf */; };
		F3F406DA29243E4500CE2ED7 /* Raleway-ThinItalic.ttf in Resources */ = {isa = PBXBuildFile; fileRef = F3F406C829243E4500CE2ED7 /* Raleway-ThinItalic.ttf */; };
		F3F406DB29243E4500CE2ED7 /* Raleway-BoldItalic.ttf in Resources */ = {isa = PBXBuildFile; fileRef = F3F406C929243E4500CE2ED7 /* Raleway-BoldItalic.ttf */; };
		F3F406DC29243E4500CE2ED7 /* Raleway-LightItalic.ttf in Resources */ = {isa = PBXBuildFile; fileRef = F3F406CA29243E4500CE2ED7 /* Raleway-LightItalic.ttf */; };
		F3F406DD29243E4500CE2ED7 /* Raleway-Black.ttf in Resources */ = {isa = PBXBuildFile; fileRef = F3F406CB29243E4500CE2ED7 /* Raleway-Black.ttf */; };
		F3F406DE29243E4500CE2ED7 /* Raleway-Regular.ttf in Resources */ = {isa = PBXBuildFile; fileRef = F3F406CC29243E4500CE2ED7 /* Raleway-Regular.ttf */; };
		F3F406E12925A51100CE2ED7 /* HealthKitHelper.swift in Sources */ = {isa = PBXBuildFile; fileRef = F3F406E02925A51100CE2ED7 /* HealthKitHelper.swift */; };
		F3F406E22925A51100CE2ED7 /* HealthKitHelper.swift in Sources */ = {isa = PBXBuildFile; fileRef = F3F406E02925A51100CE2ED7 /* HealthKitHelper.swift */; };
		F3F406E42925C01D00CE2ED7 /* DataLoader.swift in Sources */ = {isa = PBXBuildFile; fileRef = F3F406E32925C01D00CE2ED7 /* DataLoader.swift */; };
		F3F406E52925C01D00CE2ED7 /* DataLoader.swift in Sources */ = {isa = PBXBuildFile; fileRef = F3F406E32925C01D00CE2ED7 /* DataLoader.swift */; };
		F3F406E729260C9300CE2ED7 /* Timer.swift in Sources */ = {isa = PBXBuildFile; fileRef = F3F406E629260C9300CE2ED7 /* Timer.swift */; };
		F3F406E829260C9300CE2ED7 /* Timer.swift in Sources */ = {isa = PBXBuildFile; fileRef = F3F406E629260C9300CE2ED7 /* Timer.swift */; };
/* End PBXBuildFile section */

/* Begin PBXContainerItemProxy section */
		F3EDEDB629147F6200BD4849 /* PBXContainerItemProxy */ = {
			isa = PBXContainerItemProxy;
			containerPortal = F3EDED9D29147F6000BD4849 /* Project object */;
			proxyType = 1;
			remoteGlobalIDString = F3EDEDA429147F6100BD4849;
			remoteInfo = OdysseyOfMe;
		};
		F3EDEDC029147F6200BD4849 /* PBXContainerItemProxy */ = {
			isa = PBXContainerItemProxy;
			containerPortal = F3EDED9D29147F6000BD4849 /* Project object */;
			proxyType = 1;
			remoteGlobalIDString = F3EDEDA429147F6100BD4849;
			remoteInfo = OdysseyOfMe;
		};
		F3EDEDCD29147F6200BD4849 /* PBXContainerItemProxy */ = {
			isa = PBXContainerItemProxy;
			containerPortal = F3EDED9D29147F6000BD4849 /* Project object */;
			proxyType = 1;
			remoteGlobalIDString = F3EDEDCA29147F6200BD4849;
			remoteInfo = "OdysseyOfMe Watch App";
		};
		F3EDEDDE29147F6300BD4849 /* PBXContainerItemProxy */ = {
			isa = PBXContainerItemProxy;
			containerPortal = F3EDED9D29147F6000BD4849 /* Project object */;
			proxyType = 1;
			remoteGlobalIDString = F3EDEDCA29147F6200BD4849;
			remoteInfo = "OdysseyOfMe Watch App";
		};
		F3EDEDE829147F6300BD4849 /* PBXContainerItemProxy */ = {
			isa = PBXContainerItemProxy;
			containerPortal = F3EDED9D29147F6000BD4849 /* Project object */;
			proxyType = 1;
			remoteGlobalIDString = F3EDEDCA29147F6200BD4849;
			remoteInfo = "OdysseyOfMe Watch App";
		};
/* End PBXContainerItemProxy section */

/* Begin PBXCopyFilesBuildPhase section */
		F3EDEDF429147F6300BD4849 /* Embed Watch Content */ = {
			isa = PBXCopyFilesBuildPhase;
			buildActionMask = 2147483647;
			dstPath = "$(CONTENTS_FOLDER_PATH)/Watch";
			dstSubfolderSpec = 16;
			files = (
				F3EDEDCC29147F6200BD4849 /* OdysseyOfMe Watch App.app in Embed Watch Content */,
			);
			name = "Embed Watch Content";
			runOnlyForDeploymentPostprocessing = 0;
		};
/* End PBXCopyFilesBuildPhase section */

/* Begin PBXFileReference section */
		F309DF8F29359F2C000E94F1 /* BiometricDataChartView.swift */ = {isa = PBXFileReference; lastKnownFileType = sourcecode.swift; path = BiometricDataChartView.swift; sourceTree = "<group>"; };
		F380233B292EA0BF00AE2C4A /* SummaryView.swift */ = {isa = PBXFileReference; lastKnownFileType = sourcecode.swift; path = SummaryView.swift; sourceTree = "<group>"; };
		F380233D292EA17600AE2C4A /* MetricsView.swift */ = {isa = PBXFileReference; lastKnownFileType = sourcecode.swift; path = MetricsView.swift; sourceTree = "<group>"; };
		F380233F292EA17E00AE2C4A /* ControlsView.swift */ = {isa = PBXFileReference; lastKnownFileType = sourcecode.swift; path = ControlsView.swift; sourceTree = "<group>"; };
		F38023462932E26D00AE2C4A /* OdysseyEvents.swift */ = {isa = PBXFileReference; lastKnownFileType = sourcecode.swift; path = OdysseyEvents.swift; sourceTree = "<group>"; };
		F380234B2934488D00AE2C4A /* BioDataReflectionView.swift */ = {isa = PBXFileReference; lastKnownFileType = sourcecode.swift; path = BioDataReflectionView.swift; sourceTree = "<group>"; };
		F39BB1AE292D7B0E00D61AFD /* OdysseyOfMe.entitlements */ = {isa = PBXFileReference; lastKnownFileType = text.plist.entitlements; path = OdysseyOfMe.entitlements; sourceTree = "<group>"; };
		F39BB1AF292D7B1700D61AFD /* OdysseyOfMe Watch App.entitlements */ = {isa = PBXFileReference; lastKnownFileType = text.plist.entitlements; path = "OdysseyOfMe Watch App.entitlements"; sourceTree = "<group>"; };
		F39BB1B0292D7C3700D61AFD /* OdysseyOfMe-Watch-App-Info.plist */ = {isa = PBXFileReference; lastKnownFileType = text.plist; path = "OdysseyOfMe-Watch-App-Info.plist"; sourceTree = SOURCE_ROOT; };
		F39BB1B5292E99EB00D61AFD /* SessionPagingView.swift */ = {isa = PBXFileReference; lastKnownFileType = sourcecode.swift; path = SessionPagingView.swift; sourceTree = "<group>"; };
		F39BB1B7292E9A1700D61AFD /* EpisodeManager.swift */ = {isa = PBXFileReference; lastKnownFileType = sourcecode.swift; path = EpisodeManager.swift; sourceTree = "<group>"; };
		F3A5211A2922AA140024EF98 /* CheckIn.swift */ = {isa = PBXFileReference; lastKnownFileType = sourcecode.swift; path = CheckIn.swift; sourceTree = "<group>"; };
		F3B9F44B291C399900DAA956 /* congratulations.gif */ = {isa = PBXFileReference; lastKnownFileType = image.gif; path = congratulations.gif; sourceTree = "<group>"; };
		F3BFA9532915C51F00059E6C /* NavigationTest.swift */ = {isa = PBXFileReference; lastKnownFileType = sourcecode.swift; path = NavigationTest.swift; sourceTree = "<group>"; };
		F3BFA9552917418000059E6C /* ProgressNotes.rtf */ = {isa = PBXFileReference; lastKnownFileType = text.rtf; path = ProgressNotes.rtf; sourceTree = "<group>"; };
		F3BFA9582917426000059E6C /* DataStore.xcdatamodel */ = {isa = PBXFileReference; lastKnownFileType = wrapper.xcdatamodel; path = DataStore.xcdatamodel; sourceTree = "<group>"; };
		F3BFA95C2918813600059E6C /* DataController.swift */ = {isa = PBXFileReference; lastKnownFileType = sourcecode.swift; path = DataController.swift; sourceTree = "<group>"; };
		F3BFA95F2918B0C700059E6C /* TestingView.swift */ = {isa = PBXFileReference; lastKnownFileType = sourcecode.swift; path = TestingView.swift; sourceTree = "<group>"; };
		F3EDEDA529147F6100BD4849 /* OdysseyOfMe.app */ = {isa = PBXFileReference; explicitFileType = wrapper.application; includeInIndex = 0; path = OdysseyOfMe.app; sourceTree = BUILT_PRODUCTS_DIR; };
		F3EDEDA829147F6100BD4849 /* OdysseyOfMeApp.swift */ = {isa = PBXFileReference; lastKnownFileType = sourcecode.swift; path = OdysseyOfMeApp.swift; sourceTree = "<group>"; };
		F3EDEDAA29147F6100BD4849 /* ContentView.swift */ = {isa = PBXFileReference; lastKnownFileType = sourcecode.swift; path = ContentView.swift; sourceTree = "<group>"; };
		F3EDEDAC29147F6200BD4849 /* Assets.xcassets */ = {isa = PBXFileReference; lastKnownFileType = folder.assetcatalog; path = Assets.xcassets; sourceTree = "<group>"; };
		F3EDEDAF29147F6200BD4849 /* Preview Assets.xcassets */ = {isa = PBXFileReference; lastKnownFileType = folder.assetcatalog; path = "Preview Assets.xcassets"; sourceTree = "<group>"; };
		F3EDEDB529147F6200BD4849 /* OdysseyOfMeTests.xctest */ = {isa = PBXFileReference; explicitFileType = wrapper.cfbundle; includeInIndex = 0; path = OdysseyOfMeTests.xctest; sourceTree = BUILT_PRODUCTS_DIR; };
		F3EDEDB929147F6200BD4849 /* OdysseyOfMeTests.swift */ = {isa = PBXFileReference; lastKnownFileType = sourcecode.swift; path = OdysseyOfMeTests.swift; sourceTree = "<group>"; };
		F3EDEDBF29147F6200BD4849 /* OdysseyOfMeUITests.xctest */ = {isa = PBXFileReference; explicitFileType = wrapper.cfbundle; includeInIndex = 0; path = OdysseyOfMeUITests.xctest; sourceTree = BUILT_PRODUCTS_DIR; };
		F3EDEDC329147F6200BD4849 /* OdysseyOfMeUITests.swift */ = {isa = PBXFileReference; lastKnownFileType = sourcecode.swift; path = OdysseyOfMeUITests.swift; sourceTree = "<group>"; };
		F3EDEDC529147F6200BD4849 /* OdysseyOfMeUITestsLaunchTests.swift */ = {isa = PBXFileReference; lastKnownFileType = sourcecode.swift; path = OdysseyOfMeUITestsLaunchTests.swift; sourceTree = "<group>"; };
		F3EDEDCB29147F6200BD4849 /* OdysseyOfMe Watch App.app */ = {isa = PBXFileReference; explicitFileType = wrapper.application; includeInIndex = 0; path = "OdysseyOfMe Watch App.app"; sourceTree = BUILT_PRODUCTS_DIR; };
		F3EDEDD029147F6200BD4849 /* OdysseyOfMeApp.swift */ = {isa = PBXFileReference; lastKnownFileType = sourcecode.swift; path = OdysseyOfMeApp.swift; sourceTree = "<group>"; };
		F3EDEDD229147F6200BD4849 /* ContentView.swift */ = {isa = PBXFileReference; lastKnownFileType = sourcecode.swift; path = ContentView.swift; sourceTree = "<group>"; };
		F3EDEDD429147F6300BD4849 /* Assets.xcassets */ = {isa = PBXFileReference; lastKnownFileType = folder.assetcatalog; path = Assets.xcassets; sourceTree = "<group>"; };
		F3EDEDD729147F6300BD4849 /* Preview Assets.xcassets */ = {isa = PBXFileReference; lastKnownFileType = folder.assetcatalog; path = "Preview Assets.xcassets"; sourceTree = "<group>"; };
		F3EDEDDD29147F6300BD4849 /* OdysseyOfMe Watch AppTests.xctest */ = {isa = PBXFileReference; explicitFileType = wrapper.cfbundle; includeInIndex = 0; path = "OdysseyOfMe Watch AppTests.xctest"; sourceTree = BUILT_PRODUCTS_DIR; };
		F3EDEDE129147F6300BD4849 /* OdysseyOfMe_Watch_AppTests.swift */ = {isa = PBXFileReference; lastKnownFileType = sourcecode.swift; path = OdysseyOfMe_Watch_AppTests.swift; sourceTree = "<group>"; };
		F3EDEDE729147F6300BD4849 /* OdysseyOfMe Watch AppUITests.xctest */ = {isa = PBXFileReference; explicitFileType = wrapper.cfbundle; includeInIndex = 0; path = "OdysseyOfMe Watch AppUITests.xctest"; sourceTree = BUILT_PRODUCTS_DIR; };
		F3EDEDEB29147F6300BD4849 /* OdysseyOfMe_Watch_AppUITests.swift */ = {isa = PBXFileReference; lastKnownFileType = sourcecode.swift; path = OdysseyOfMe_Watch_AppUITests.swift; sourceTree = "<group>"; };
		F3EDEDED29147F6300BD4849 /* OdysseyOfMe_Watch_AppUITestsLaunchTests.swift */ = {isa = PBXFileReference; lastKnownFileType = sourcecode.swift; path = OdysseyOfMe_Watch_AppUITestsLaunchTests.swift; sourceTree = "<group>"; };
		F3EDEE052914800400BD4849 /* TabNavView.swift */ = {isa = PBXFileReference; lastKnownFileType = sourcecode.swift; path = TabNavView.swift; sourceTree = "<group>"; };
		F3EDEE072914812300BD4849 /* CheckinView.swift */ = {isa = PBXFileReference; lastKnownFileType = sourcecode.swift; path = CheckinView.swift; sourceTree = "<group>"; };
		F3EDEE092914816500BD4849 /* HistoryView.swift */ = {isa = PBXFileReference; lastKnownFileType = sourcecode.swift; path = HistoryView.swift; sourceTree = "<group>"; };
		F3EDEE0B2914817F00BD4849 /* AccountView.swift */ = {isa = PBXFileReference; lastKnownFileType = sourcecode.swift; path = AccountView.swift; sourceTree = "<group>"; };
		F3EDEE0E2914829600BD4849 /* CustomComponents.swift */ = {isa = PBXFileReference; lastKnownFileType = sourcecode.swift; path = CustomComponents.swift; sourceTree = "<group>"; };
		F3EDEE10291483BE00BD4849 /* Extensions.swift */ = {isa = PBXFileReference; lastKnownFileType = sourcecode.swift; path = Extensions.swift; sourceTree = "<group>"; };
		F3EDEE132914916300BD4849 /* CheckinViewModel.swift */ = {isa = PBXFileReference; lastKnownFileType = sourcecode.swift; path = CheckinViewModel.swift; sourceTree = "<group>"; };
		F3EDEE152914B62300BD4849 /* UserSettings.swift */ = {isa = PBXFileReference; lastKnownFileType = sourcecode.swift; path = UserSettings.swift; sourceTree = "<group>"; };
		F3EDEE172914B6C500BD4849 /* DiagnosisManager.swift */ = {isa = PBXFileReference; lastKnownFileType = sourcecode.swift; path = DiagnosisManager.swift; sourceTree = "<group>"; };
		F3EDEE19291505F900BD4849 /* StressManager.swift */ = {isa = PBXFileReference; lastKnownFileType = sourcecode.swift; path = StressManager.swift; sourceTree = "<group>"; };
		F3F406892923049000CE2ED7 /* confetti.gif */ = {isa = PBXFileReference; lastKnownFileType = image.gif; path = confetti.gif; sourceTree = "<group>"; };
		F3F4068B2923EFDF00CE2ED7 /* TermsSheetViews.swift */ = {isa = PBXFileReference; lastKnownFileType = sourcecode.swift; path = TermsSheetViews.swift; sourceTree = "<group>"; };
		F3F4068D2923FB3200CE2ED7 /* Styles.swift */ = {isa = PBXFileReference; lastKnownFileType = sourcecode.swift; path = Styles.swift; sourceTree = "<group>"; };
		F3F406922923FD1300CE2ED7 /* Info.plist */ = {isa = PBXFileReference; lastKnownFileType = text.plist; path = Info.plist; sourceTree = "<group>"; };
		F3F4069329240D6900CE2ED7 /* ProgressView.swift */ = {isa = PBXFileReference; lastKnownFileType = sourcecode.swift; path = ProgressView.swift; sourceTree = "<group>"; };
		F3F406BB29243E4400CE2ED7 /* Raleway-ExtraBoldItalic.ttf */ = {isa = PBXFileReference; lastKnownFileType = file; path = "Raleway-ExtraBoldItalic.ttf"; sourceTree = "<group>"; };
		F3F406BC29243E4400CE2ED7 /* Raleway-Medium.ttf */ = {isa = PBXFileReference; lastKnownFileType = file; path = "Raleway-Medium.ttf"; sourceTree = "<group>"; };
		F3F406BD29243E4400CE2ED7 /* Raleway-Italic.ttf */ = {isa = PBXFileReference; lastKnownFileType = file; path = "Raleway-Italic.ttf"; sourceTree = "<group>"; };
		F3F406BE29243E4400CE2ED7 /* Raleway-MediumItalic.ttf */ = {isa = PBXFileReference; lastKnownFileType = file; path = "Raleway-MediumItalic.ttf"; sourceTree = "<group>"; };
		F3F406BF29243E4400CE2ED7 /* Raleway-SemiBold.ttf */ = {isa = PBXFileReference; lastKnownFileType = file; path = "Raleway-SemiBold.ttf"; sourceTree = "<group>"; };
		F3F406C029243E4400CE2ED7 /* Raleway-ExtraLightItalic.ttf */ = {isa = PBXFileReference; lastKnownFileType = file; path = "Raleway-ExtraLightItalic.ttf"; sourceTree = "<group>"; };
		F3F406C129243E4400CE2ED7 /* Raleway-BlackItalic.ttf */ = {isa = PBXFileReference; lastKnownFileType = file; path = "Raleway-BlackItalic.ttf"; sourceTree = "<group>"; };
		F3F406C229243E4400CE2ED7 /* Raleway-Light.ttf */ = {isa = PBXFileReference; lastKnownFileType = file; path = "Raleway-Light.ttf"; sourceTree = "<group>"; };
		F3F406C329243E4400CE2ED7 /* Raleway-Thin.ttf */ = {isa = PBXFileReference; lastKnownFileType = file; path = "Raleway-Thin.ttf"; sourceTree = "<group>"; };
		F3F406C429243E4500CE2ED7 /* Raleway-ExtraBold.ttf */ = {isa = PBXFileReference; lastKnownFileType = file; path = "Raleway-ExtraBold.ttf"; sourceTree = "<group>"; };
		F3F406C529243E4500CE2ED7 /* Raleway-Bold.ttf */ = {isa = PBXFileReference; lastKnownFileType = file; path = "Raleway-Bold.ttf"; sourceTree = "<group>"; };
		F3F406C629243E4500CE2ED7 /* Raleway-ExtraLight.ttf */ = {isa = PBXFileReference; lastKnownFileType = file; path = "Raleway-ExtraLight.ttf"; sourceTree = "<group>"; };
		F3F406C729243E4500CE2ED7 /* Raleway-SemiBoldItalic.ttf */ = {isa = PBXFileReference; lastKnownFileType = file; path = "Raleway-SemiBoldItalic.ttf"; sourceTree = "<group>"; };
		F3F406C829243E4500CE2ED7 /* Raleway-ThinItalic.ttf */ = {isa = PBXFileReference; lastKnownFileType = file; path = "Raleway-ThinItalic.ttf"; sourceTree = "<group>"; };
		F3F406C929243E4500CE2ED7 /* Raleway-BoldItalic.ttf */ = {isa = PBXFileReference; lastKnownFileType = file; path = "Raleway-BoldItalic.ttf"; sourceTree = "<group>"; };
		F3F406CA29243E4500CE2ED7 /* Raleway-LightItalic.ttf */ = {isa = PBXFileReference; lastKnownFileType = file; path = "Raleway-LightItalic.ttf"; sourceTree = "<group>"; };
		F3F406CB29243E4500CE2ED7 /* Raleway-Black.ttf */ = {isa = PBXFileReference; lastKnownFileType = file; path = "Raleway-Black.ttf"; sourceTree = "<group>"; };
		F3F406CC29243E4500CE2ED7 /* Raleway-Regular.ttf */ = {isa = PBXFileReference; lastKnownFileType = file; path = "Raleway-Regular.ttf"; sourceTree = "<group>"; };
		F3F406E02925A51100CE2ED7 /* HealthKitHelper.swift */ = {isa = PBXFileReference; lastKnownFileType = sourcecode.swift; path = HealthKitHelper.swift; sourceTree = "<group>"; };
		F3F406E32925C01D00CE2ED7 /* DataLoader.swift */ = {isa = PBXFileReference; lastKnownFileType = sourcecode.swift; path = DataLoader.swift; sourceTree = "<group>"; };
		F3F406E629260C9300CE2ED7 /* Timer.swift */ = {isa = PBXFileReference; lastKnownFileType = sourcecode.swift; path = Timer.swift; sourceTree = "<group>"; };
/* End PBXFileReference section */

/* Begin PBXFrameworksBuildPhase section */
		F3EDEDA229147F6100BD4849 /* Frameworks */ = {
			isa = PBXFrameworksBuildPhase;
			buildActionMask = 2147483647;
			files = (
			);
			runOnlyForDeploymentPostprocessing = 0;
		};
		F3EDEDB229147F6200BD4849 /* Frameworks */ = {
			isa = PBXFrameworksBuildPhase;
			buildActionMask = 2147483647;
			files = (
			);
			runOnlyForDeploymentPostprocessing = 0;
		};
		F3EDEDBC29147F6200BD4849 /* Frameworks */ = {
			isa = PBXFrameworksBuildPhase;
			buildActionMask = 2147483647;
			files = (
			);
			runOnlyForDeploymentPostprocessing = 0;
		};
		F3EDEDC829147F6200BD4849 /* Frameworks */ = {
			isa = PBXFrameworksBuildPhase;
			buildActionMask = 2147483647;
			files = (
			);
			runOnlyForDeploymentPostprocessing = 0;
		};
		F3EDEDDA29147F6300BD4849 /* Frameworks */ = {
			isa = PBXFrameworksBuildPhase;
			buildActionMask = 2147483647;
			files = (
			);
			runOnlyForDeploymentPostprocessing = 0;
		};
		F3EDEDE429147F6300BD4849 /* Frameworks */ = {
			isa = PBXFrameworksBuildPhase;
			buildActionMask = 2147483647;
			files = (
			);
			runOnlyForDeploymentPostprocessing = 0;
		};
/* End PBXFrameworksBuildPhase section */

/* Begin PBXGroup section */
		F309DF8E29359F0F000E94F1 /* BiometricData */ = {
			isa = PBXGroup;
			children = (
				F380234B2934488D00AE2C4A /* BioDataReflectionView.swift */,
				F309DF8F29359F2C000E94F1 /* BiometricDataChartView.swift */,
			);
			path = BiometricData;
			sourceTree = "<group>";
		};
		F309DF912937C78F000E94F1 /* Depreciated */ = {
			isa = PBXGroup;
			children = (
				F3F406E32925C01D00CE2ED7 /* DataLoader.swift */,
			);
			path = Depreciated;
			sourceTree = "<group>";
		};
		F39BB1B4292E99D900D61AFD /* View */ = {
			isa = PBXGroup;
			children = (
				F39BB1B5292E99EB00D61AFD /* SessionPagingView.swift */,
				F380233B292EA0BF00AE2C4A /* SummaryView.swift */,
				F380233D292EA17600AE2C4A /* MetricsView.swift */,
				F380233F292EA17E00AE2C4A /* ControlsView.swift */,
			);
			path = View;
			sourceTree = "<group>";
		};
		F3B9F44A291C398500DAA956 /* Assets */ = {
			isa = PBXGroup;
			children = (
				F3F406DF29243E4C00CE2ED7 /* Fonts */,
				F3EDEDAC29147F6200BD4849 /* Assets.xcassets */,
				F3F406892923049000CE2ED7 /* confetti.gif */,
				F3B9F44B291C399900DAA956 /* congratulations.gif */,
			);
			path = Assets;
			sourceTree = "<group>";
		};
		F3BFA95E2918B0BB00059E6C /* Testing */ = {
			isa = PBXGroup;
			children = (
				F3BFA95F2918B0C700059E6C /* TestingView.swift */,
			);
			path = Testing;
			sourceTree = "<group>";
		};
		F3EDED9C29147F6000BD4849 = {
			isa = PBXGroup;
			children = (
				F3EDEDA729147F6100BD4849 /* OdysseyOfMe */,
				F3EDEDB829147F6200BD4849 /* OdysseyOfMeTests */,
				F3EDEDC229147F6200BD4849 /* OdysseyOfMeUITests */,
				F3EDEDCF29147F6200BD4849 /* OdysseyOfMe Watch App */,
				F3EDEDE029147F6300BD4849 /* OdysseyOfMe Watch AppTests */,
				F3EDEDEA29147F6300BD4849 /* OdysseyOfMe Watch AppUITests */,
				F3EDEDA629147F6100BD4849 /* Products */,
			);
			sourceTree = "<group>";
		};
		F3EDEDA629147F6100BD4849 /* Products */ = {
			isa = PBXGroup;
			children = (
				F3EDEDA529147F6100BD4849 /* OdysseyOfMe.app */,
				F3EDEDB529147F6200BD4849 /* OdysseyOfMeTests.xctest */,
				F3EDEDBF29147F6200BD4849 /* OdysseyOfMeUITests.xctest */,
				F3EDEDCB29147F6200BD4849 /* OdysseyOfMe Watch App.app */,
				F3EDEDDD29147F6300BD4849 /* OdysseyOfMe Watch AppTests.xctest */,
				F3EDEDE729147F6300BD4849 /* OdysseyOfMe Watch AppUITests.xctest */,
			);
			name = Products;
			sourceTree = "<group>";
		};
		F3EDEDA729147F6100BD4849 /* OdysseyOfMe */ = {
			isa = PBXGroup;
			children = (
				F309DF912937C78F000E94F1 /* Depreciated */,
				F39BB1AE292D7B0E00D61AFD /* OdysseyOfMe.entitlements */,
				F3F406922923FD1300CE2ED7 /* Info.plist */,
				F3B9F44A291C398500DAA956 /* Assets */,
				F3BFA95E2918B0BB00059E6C /* Testing */,
				F3EDEE122914915500BD4849 /* Model */,
				F3EDEE0D2914827E00BD4849 /* Classes */,
				F3EDEE0429147FF100BD4849 /* View */,
				F3EDEDA829147F6100BD4849 /* OdysseyOfMeApp.swift */,
				F3EDEDAA29147F6100BD4849 /* ContentView.swift */,
				F3EDEDAE29147F6200BD4849 /* Preview Content */,
				F3BFA9552917418000059E6C /* ProgressNotes.rtf */,
			);
			path = OdysseyOfMe;
			sourceTree = "<group>";
		};
		F3EDEDAE29147F6200BD4849 /* Preview Content */ = {
			isa = PBXGroup;
			children = (
				F3EDEDAF29147F6200BD4849 /* Preview Assets.xcassets */,
			);
			path = "Preview Content";
			sourceTree = "<group>";
		};
		F3EDEDB829147F6200BD4849 /* OdysseyOfMeTests */ = {
			isa = PBXGroup;
			children = (
				F3EDEDB929147F6200BD4849 /* OdysseyOfMeTests.swift */,
			);
			path = OdysseyOfMeTests;
			sourceTree = "<group>";
		};
		F3EDEDC229147F6200BD4849 /* OdysseyOfMeUITests */ = {
			isa = PBXGroup;
			children = (
				F3EDEDC329147F6200BD4849 /* OdysseyOfMeUITests.swift */,
				F3EDEDC529147F6200BD4849 /* OdysseyOfMeUITestsLaunchTests.swift */,
			);
			path = OdysseyOfMeUITests;
			sourceTree = "<group>";
		};
		F3EDEDCF29147F6200BD4849 /* OdysseyOfMe Watch App */ = {
			isa = PBXGroup;
			children = (
				F39BB1B4292E99D900D61AFD /* View */,
				F39BB1B0292D7C3700D61AFD /* OdysseyOfMe-Watch-App-Info.plist */,
				F39BB1AF292D7B1700D61AFD /* OdysseyOfMe Watch App.entitlements */,
				F3EDEDD029147F6200BD4849 /* OdysseyOfMeApp.swift */,
				F3EDEDD229147F6200BD4849 /* ContentView.swift */,
				F3EDEDD429147F6300BD4849 /* Assets.xcassets */,
				F3EDEDD629147F6300BD4849 /* Preview Content */,
				F39BB1B7292E9A1700D61AFD /* EpisodeManager.swift */,
			);
			path = "OdysseyOfMe Watch App";
			sourceTree = "<group>";
		};
		F3EDEDD629147F6300BD4849 /* Preview Content */ = {
			isa = PBXGroup;
			children = (
				F3EDEDD729147F6300BD4849 /* Preview Assets.xcassets */,
			);
			path = "Preview Content";
			sourceTree = "<group>";
		};
		F3EDEDE029147F6300BD4849 /* OdysseyOfMe Watch AppTests */ = {
			isa = PBXGroup;
			children = (
				F3EDEDE129147F6300BD4849 /* OdysseyOfMe_Watch_AppTests.swift */,
			);
			path = "OdysseyOfMe Watch AppTests";
			sourceTree = "<group>";
		};
		F3EDEDEA29147F6300BD4849 /* OdysseyOfMe Watch AppUITests */ = {
			isa = PBXGroup;
			children = (
				F3EDEDEB29147F6300BD4849 /* OdysseyOfMe_Watch_AppUITests.swift */,
				F3EDEDED29147F6300BD4849 /* OdysseyOfMe_Watch_AppUITestsLaunchTests.swift */,
			);
			path = "OdysseyOfMe Watch AppUITests";
			sourceTree = "<group>";
		};
		F3EDEE0429147FF100BD4849 /* View */ = {
			isa = PBXGroup;
			children = (
				F309DF8E29359F0F000E94F1 /* BiometricData */,
				F3EDEE052914800400BD4849 /* TabNavView.swift */,
				F3EDEE072914812300BD4849 /* CheckinView.swift */,
				F3EDEE092914816500BD4849 /* HistoryView.swift */,
				F3EDEE0B2914817F00BD4849 /* AccountView.swift */,
				F3BFA9532915C51F00059E6C /* NavigationTest.swift */,
				F3F4068B2923EFDF00CE2ED7 /* TermsSheetViews.swift */,
				F3F4069329240D6900CE2ED7 /* ProgressView.swift */,
			);
			path = View;
			sourceTree = "<group>";
		};
		F3EDEE0D2914827E00BD4849 /* Classes */ = {
			isa = PBXGroup;
			children = (
				F3EDEE0E2914829600BD4849 /* CustomComponents.swift */,
				F3EDEE10291483BE00BD4849 /* Extensions.swift */,
				F3EDEE152914B62300BD4849 /* UserSettings.swift */,
				F3F4068D2923FB3200CE2ED7 /* Styles.swift */,
				F3F406E02925A51100CE2ED7 /* HealthKitHelper.swift */,
				F3F406E629260C9300CE2ED7 /* Timer.swift */,
			);
			path = Classes;
			sourceTree = "<group>";
		};
		F3EDEE122914915500BD4849 /* Model */ = {
			isa = PBXGroup;
			children = (
				F3EDEE132914916300BD4849 /* CheckinViewModel.swift */,
				F3EDEE19291505F900BD4849 /* StressManager.swift */,
				F3BFA9572917426000059E6C /* DataStore.xcdatamodeld */,
				F3BFA95C2918813600059E6C /* DataController.swift */,
				F3EDEE172914B6C500BD4849 /* DiagnosisManager.swift */,
				F3A5211A2922AA140024EF98 /* CheckIn.swift */,
				F38023462932E26D00AE2C4A /* OdysseyEvents.swift */,
			);
			path = Model;
			sourceTree = "<group>";
		};
		F3F406DF29243E4C00CE2ED7 /* Fonts */ = {
			isa = PBXGroup;
			children = (
				F3F406CB29243E4500CE2ED7 /* Raleway-Black.ttf */,
				F3F406C129243E4400CE2ED7 /* Raleway-BlackItalic.ttf */,
				F3F406C529243E4500CE2ED7 /* Raleway-Bold.ttf */,
				F3F406C929243E4500CE2ED7 /* Raleway-BoldItalic.ttf */,
				F3F406C429243E4500CE2ED7 /* Raleway-ExtraBold.ttf */,
				F3F406BB29243E4400CE2ED7 /* Raleway-ExtraBoldItalic.ttf */,
				F3F406C629243E4500CE2ED7 /* Raleway-ExtraLight.ttf */,
				F3F406C029243E4400CE2ED7 /* Raleway-ExtraLightItalic.ttf */,
				F3F406BD29243E4400CE2ED7 /* Raleway-Italic.ttf */,
				F3F406C229243E4400CE2ED7 /* Raleway-Light.ttf */,
				F3F406CA29243E4500CE2ED7 /* Raleway-LightItalic.ttf */,
				F3F406BC29243E4400CE2ED7 /* Raleway-Medium.ttf */,
				F3F406BE29243E4400CE2ED7 /* Raleway-MediumItalic.ttf */,
				F3F406CC29243E4500CE2ED7 /* Raleway-Regular.ttf */,
				F3F406BF29243E4400CE2ED7 /* Raleway-SemiBold.ttf */,
				F3F406C729243E4500CE2ED7 /* Raleway-SemiBoldItalic.ttf */,
				F3F406C329243E4400CE2ED7 /* Raleway-Thin.ttf */,
				F3F406C829243E4500CE2ED7 /* Raleway-ThinItalic.ttf */,
			);
			path = Fonts;
			sourceTree = "<group>";
		};
/* End PBXGroup section */

/* Begin PBXNativeTarget section */
		F3EDEDA429147F6100BD4849 /* OdysseyOfMe */ = {
			isa = PBXNativeTarget;
			buildConfigurationList = F3EDEDF529147F6300BD4849 /* Build configuration list for PBXNativeTarget "OdysseyOfMe" */;
			buildPhases = (
				F3EDEDA129147F6100BD4849 /* Sources */,
				F3EDEDA229147F6100BD4849 /* Frameworks */,
				F3EDEDA329147F6100BD4849 /* Resources */,
				F3EDEDF429147F6300BD4849 /* Embed Watch Content */,
			);
			buildRules = (
			);
			dependencies = (
				F3EDEDCE29147F6200BD4849 /* PBXTargetDependency */,
			);
			name = OdysseyOfMe;
			productName = OdysseyOfMe;
			productReference = F3EDEDA529147F6100BD4849 /* OdysseyOfMe.app */;
			productType = "com.apple.product-type.application";
		};
		F3EDEDB429147F6200BD4849 /* OdysseyOfMeTests */ = {
			isa = PBXNativeTarget;
			buildConfigurationList = F3EDEDF829147F6300BD4849 /* Build configuration list for PBXNativeTarget "OdysseyOfMeTests" */;
			buildPhases = (
				F3EDEDB129147F6200BD4849 /* Sources */,
				F3EDEDB229147F6200BD4849 /* Frameworks */,
				F3EDEDB329147F6200BD4849 /* Resources */,
			);
			buildRules = (
			);
			dependencies = (
				F3EDEDB729147F6200BD4849 /* PBXTargetDependency */,
			);
			name = OdysseyOfMeTests;
			productName = OdysseyOfMeTests;
			productReference = F3EDEDB529147F6200BD4849 /* OdysseyOfMeTests.xctest */;
			productType = "com.apple.product-type.bundle.unit-test";
		};
		F3EDEDBE29147F6200BD4849 /* OdysseyOfMeUITests */ = {
			isa = PBXNativeTarget;
			buildConfigurationList = F3EDEDFB29147F6300BD4849 /* Build configuration list for PBXNativeTarget "OdysseyOfMeUITests" */;
			buildPhases = (
				F3EDEDBB29147F6200BD4849 /* Sources */,
				F3EDEDBC29147F6200BD4849 /* Frameworks */,
				F3EDEDBD29147F6200BD4849 /* Resources */,
			);
			buildRules = (
			);
			dependencies = (
				F3EDEDC129147F6200BD4849 /* PBXTargetDependency */,
			);
			name = OdysseyOfMeUITests;
			productName = OdysseyOfMeUITests;
			productReference = F3EDEDBF29147F6200BD4849 /* OdysseyOfMeUITests.xctest */;
			productType = "com.apple.product-type.bundle.ui-testing";
		};
		F3EDEDCA29147F6200BD4849 /* OdysseyOfMe Watch App */ = {
			isa = PBXNativeTarget;
			buildConfigurationList = F3EDEDF129147F6300BD4849 /* Build configuration list for PBXNativeTarget "OdysseyOfMe Watch App" */;
			buildPhases = (
				F3EDEDC729147F6200BD4849 /* Sources */,
				F3EDEDC829147F6200BD4849 /* Frameworks */,
				F3EDEDC929147F6200BD4849 /* Resources */,
			);
			buildRules = (
			);
			dependencies = (
			);
			name = "OdysseyOfMe Watch App";
			productName = "OdysseyOfMe Watch App";
			productReference = F3EDEDCB29147F6200BD4849 /* OdysseyOfMe Watch App.app */;
			productType = "com.apple.product-type.application";
		};
		F3EDEDDC29147F6300BD4849 /* OdysseyOfMe Watch AppTests */ = {
			isa = PBXNativeTarget;
			buildConfigurationList = F3EDEDFE29147F6300BD4849 /* Build configuration list for PBXNativeTarget "OdysseyOfMe Watch AppTests" */;
			buildPhases = (
				F3EDEDD929147F6300BD4849 /* Sources */,
				F3EDEDDA29147F6300BD4849 /* Frameworks */,
				F3EDEDDB29147F6300BD4849 /* Resources */,
			);
			buildRules = (
			);
			dependencies = (
				F3EDEDDF29147F6300BD4849 /* PBXTargetDependency */,
			);
			name = "OdysseyOfMe Watch AppTests";
			productName = "OdysseyOfMe Watch AppTests";
			productReference = F3EDEDDD29147F6300BD4849 /* OdysseyOfMe Watch AppTests.xctest */;
			productType = "com.apple.product-type.bundle.unit-test";
		};
		F3EDEDE629147F6300BD4849 /* OdysseyOfMe Watch AppUITests */ = {
			isa = PBXNativeTarget;
			buildConfigurationList = F3EDEE0129147F6300BD4849 /* Build configuration list for PBXNativeTarget "OdysseyOfMe Watch AppUITests" */;
			buildPhases = (
				F3EDEDE329147F6300BD4849 /* Sources */,
				F3EDEDE429147F6300BD4849 /* Frameworks */,
				F3EDEDE529147F6300BD4849 /* Resources */,
			);
			buildRules = (
			);
			dependencies = (
				F3EDEDE929147F6300BD4849 /* PBXTargetDependency */,
			);
			name = "OdysseyOfMe Watch AppUITests";
			productName = "OdysseyOfMe Watch AppUITests";
			productReference = F3EDEDE729147F6300BD4849 /* OdysseyOfMe Watch AppUITests.xctest */;
			productType = "com.apple.product-type.bundle.ui-testing";
		};
/* End PBXNativeTarget section */

/* Begin PBXProject section */
		F3EDED9D29147F6000BD4849 /* Project object */ = {
			isa = PBXProject;
			attributes = {
				BuildIndependentTargetsInParallel = 1;
				LastSwiftUpdateCheck = 1400;
				LastUpgradeCheck = 1410;
				TargetAttributes = {
					F3EDEDA429147F6100BD4849 = {
						CreatedOnToolsVersion = 14.0.1;
					};
					F3EDEDB429147F6200BD4849 = {
						CreatedOnToolsVersion = 14.0.1;
						TestTargetID = F3EDEDA429147F6100BD4849;
					};
					F3EDEDBE29147F6200BD4849 = {
						CreatedOnToolsVersion = 14.0.1;
						TestTargetID = F3EDEDA429147F6100BD4849;
					};
					F3EDEDCA29147F6200BD4849 = {
						CreatedOnToolsVersion = 14.0.1;
					};
					F3EDEDDC29147F6300BD4849 = {
						CreatedOnToolsVersion = 14.0.1;
						TestTargetID = F3EDEDCA29147F6200BD4849;
					};
					F3EDEDE629147F6300BD4849 = {
						CreatedOnToolsVersion = 14.0.1;
						TestTargetID = F3EDEDCA29147F6200BD4849;
					};
				};
			};
			buildConfigurationList = F3EDEDA029147F6000BD4849 /* Build configuration list for PBXProject "OdysseyOfMe" */;
			compatibilityVersion = "Xcode 14.0";
			developmentRegion = en;
			hasScannedForEncodings = 0;
			knownRegions = (
				en,
				Base,
			);
			mainGroup = F3EDED9C29147F6000BD4849;
			productRefGroup = F3EDEDA629147F6100BD4849 /* Products */;
			projectDirPath = "";
			projectRoot = "";
			targets = (
				F3EDEDA429147F6100BD4849 /* OdysseyOfMe */,
				F3EDEDB429147F6200BD4849 /* OdysseyOfMeTests */,
				F3EDEDBE29147F6200BD4849 /* OdysseyOfMeUITests */,
				F3EDEDCA29147F6200BD4849 /* OdysseyOfMe Watch App */,
				F3EDEDDC29147F6300BD4849 /* OdysseyOfMe Watch AppTests */,
				F3EDEDE629147F6300BD4849 /* OdysseyOfMe Watch AppUITests */,
			);
		};
/* End PBXProject section */

/* Begin PBXResourcesBuildPhase section */
		F3EDEDA329147F6100BD4849 /* Resources */ = {
			isa = PBXResourcesBuildPhase;
			buildActionMask = 2147483647;
			files = (
				F3F406DB29243E4500CE2ED7 /* Raleway-BoldItalic.ttf in Resources */,
				F3F406D829243E4500CE2ED7 /* Raleway-ExtraLight.ttf in Resources */,
				F3F406D229243E4500CE2ED7 /* Raleway-ExtraLightItalic.ttf in Resources */,
				F3F406D129243E4500CE2ED7 /* Raleway-SemiBold.ttf in Resources */,
				F3F406D929243E4500CE2ED7 /* Raleway-SemiBoldItalic.ttf in Resources */,
				F3F4068A2923049000CE2ED7 /* confetti.gif in Resources */,
				F3F406DA29243E4500CE2ED7 /* Raleway-ThinItalic.ttf in Resources */,
				F3F406DC29243E4500CE2ED7 /* Raleway-LightItalic.ttf in Resources */,
				F3F406D429243E4500CE2ED7 /* Raleway-Light.ttf in Resources */,
				F3F406DE29243E4500CE2ED7 /* Raleway-Regular.ttf in Resources */,
				F3F406CF29243E4500CE2ED7 /* Raleway-Italic.ttf in Resources */,
				F3F406CE29243E4500CE2ED7 /* Raleway-Medium.ttf in Resources */,
				F3F406D629243E4500CE2ED7 /* Raleway-ExtraBold.ttf in Resources */,
				F3F406CD29243E4500CE2ED7 /* Raleway-ExtraBoldItalic.ttf in Resources */,
				F3EDEDB029147F6200BD4849 /* Preview Assets.xcassets in Resources */,
				F3F406D029243E4500CE2ED7 /* Raleway-MediumItalic.ttf in Resources */,
				F3F406D529243E4500CE2ED7 /* Raleway-Thin.ttf in Resources */,
				F3F406D329243E4500CE2ED7 /* Raleway-BlackItalic.ttf in Resources */,
				F3EDEDAD29147F6200BD4849 /* Assets.xcassets in Resources */,
				F3F406D729243E4500CE2ED7 /* Raleway-Bold.ttf in Resources */,
				F3BFA9562917418000059E6C /* ProgressNotes.rtf in Resources */,
				F3F406DD29243E4500CE2ED7 /* Raleway-Black.ttf in Resources */,
			);
			runOnlyForDeploymentPostprocessing = 0;
		};
		F3EDEDB329147F6200BD4849 /* Resources */ = {
			isa = PBXResourcesBuildPhase;
			buildActionMask = 2147483647;
			files = (
			);
			runOnlyForDeploymentPostprocessing = 0;
		};
		F3EDEDBD29147F6200BD4849 /* Resources */ = {
			isa = PBXResourcesBuildPhase;
			buildActionMask = 2147483647;
			files = (
			);
			runOnlyForDeploymentPostprocessing = 0;
		};
		F3EDEDC929147F6200BD4849 /* Resources */ = {
			isa = PBXResourcesBuildPhase;
			buildActionMask = 2147483647;
			files = (
				F3EDEDD829147F6300BD4849 /* Preview Assets.xcassets in Resources */,
				F3EDEDD529147F6300BD4849 /* Assets.xcassets in Resources */,
			);
			runOnlyForDeploymentPostprocessing = 0;
		};
		F3EDEDDB29147F6300BD4849 /* Resources */ = {
			isa = PBXResourcesBuildPhase;
			buildActionMask = 2147483647;
			files = (
			);
			runOnlyForDeploymentPostprocessing = 0;
		};
		F3EDEDE529147F6300BD4849 /* Resources */ = {
			isa = PBXResourcesBuildPhase;
			buildActionMask = 2147483647;
			files = (
			);
			runOnlyForDeploymentPostprocessing = 0;
		};
/* End PBXResourcesBuildPhase section */

/* Begin PBXSourcesBuildPhase section */
		F3EDEDA129147F6100BD4849 /* Sources */ = {
			isa = PBXSourcesBuildPhase;
			buildActionMask = 2147483647;
			files = (
				F3F406E42925C01D00CE2ED7 /* DataLoader.swift in Sources */,
				F3EDEE0C2914817F00BD4849 /* AccountView.swift in Sources */,
				F3F406E12925A51100CE2ED7 /* HealthKitHelper.swift in Sources */,
				F3EDEE082914812300BD4849 /* CheckinView.swift in Sources */,
				F3A5211B2922AA140024EF98 /* CheckIn.swift in Sources */,
				F3EDEE142914916300BD4849 /* CheckinViewModel.swift in Sources */,
				F3F4068C2923EFDF00CE2ED7 /* TermsSheetViews.swift in Sources */,
				F3EDEE1A291505F900BD4849 /* StressManager.swift in Sources */,
				F3EDEE162914B62300BD4849 /* UserSettings.swift in Sources */,
				F3EDEE0F2914829600BD4849 /* CustomComponents.swift in Sources */,
				F380234C2934488D00AE2C4A /* BioDataReflectionView.swift in Sources */,
				F3EDEE11291483BE00BD4849 /* Extensions.swift in Sources */,
				F3EDEDAB29147F6100BD4849 /* ContentView.swift in Sources */,
				F3BFA9542915C51F00059E6C /* NavigationTest.swift in Sources */,
				F3EDEE182914B6C500BD4849 /* DiagnosisManager.swift in Sources */,
				F3EDEE0A2914816500BD4849 /* HistoryView.swift in Sources */,
				F3F4068E2923FB3200CE2ED7 /* Styles.swift in Sources */,
				F3EDEDA929147F6100BD4849 /* OdysseyOfMeApp.swift in Sources */,
				F309DF9029359F2C000E94F1 /* BiometricDataChartView.swift in Sources */,
				F3BFA95D2918813600059E6C /* DataController.swift in Sources */,
				F3EDEE062914800400BD4849 /* TabNavView.swift in Sources */,
				F3F4069429240D6900CE2ED7 /* ProgressView.swift in Sources */,
				F38023472932E26D00AE2C4A /* OdysseyEvents.swift in Sources */,
				F3BFA9602918B0C700059E6C /* TestingView.swift in Sources */,
				F3BFA9592917426000059E6C /* DataStore.xcdatamodeld in Sources */,
				F3F406E729260C9300CE2ED7 /* Timer.swift in Sources */,
			);
			runOnlyForDeploymentPostprocessing = 0;
		};
		F3EDEDB129147F6200BD4849 /* Sources */ = {
			isa = PBXSourcesBuildPhase;
			buildActionMask = 2147483647;
			files = (
				F3EDEDBA29147F6200BD4849 /* OdysseyOfMeTests.swift in Sources */,
			);
			runOnlyForDeploymentPostprocessing = 0;
		};
		F3EDEDBB29147F6200BD4849 /* Sources */ = {
			isa = PBXSourcesBuildPhase;
			buildActionMask = 2147483647;
			files = (
				F3EDEDC629147F6200BD4849 /* OdysseyOfMeUITestsLaunchTests.swift in Sources */,
				F3EDEDC429147F6200BD4849 /* OdysseyOfMeUITests.swift in Sources */,
			);
			runOnlyForDeploymentPostprocessing = 0;
		};
		F3EDEDC729147F6200BD4849 /* Sources */ = {
			isa = PBXSourcesBuildPhase;
			buildActionMask = 2147483647;
			files = (
				F3802340292EA17E00AE2C4A /* ControlsView.swift in Sources */,
				F39BB1B1292D848100D61AFD /* DataController.swift in Sources */,
				F3F406E52925C01D00CE2ED7 /* DataLoader.swift in Sources */,
				F3EDEDD329147F6200BD4849 /* ContentView.swift in Sources */,
				F3F406E22925A51100CE2ED7 /* HealthKitHelper.swift in Sources */,
				F39BB1B3292D8D4D00D61AFD /* CheckIn.swift in Sources */,
				F3802341292EECC100AE2C4A /* Styles.swift in Sources */,
				F380233C292EA0BF00AE2C4A /* SummaryView.swift in Sources */,
				F3F406E829260C9300CE2ED7 /* Timer.swift in Sources */,
				F39BB1B2292D8CE100D61AFD /* StressManager.swift in Sources */,
				F39BB1B6292E99EB00D61AFD /* SessionPagingView.swift in Sources */,
				F3802342292EED0100AE2C4A /* Extensions.swift in Sources */,
				F38023482932E26D00AE2C4A /* OdysseyEvents.swift in Sources */,
				F3EDEDD129147F6200BD4849 /* OdysseyOfMeApp.swift in Sources */,
				F380233E292EA17600AE2C4A /* MetricsView.swift in Sources */,
				F39BB1B8292E9A1700D61AFD /* EpisodeManager.swift in Sources */,
				F39BB1AA292AAB9E00D61AFD /* DataStore.xcdatamodeld in Sources */,
			);
			runOnlyForDeploymentPostprocessing = 0;
		};
		F3EDEDD929147F6300BD4849 /* Sources */ = {
			isa = PBXSourcesBuildPhase;
			buildActionMask = 2147483647;
			files = (
				F3EDEDE229147F6300BD4849 /* OdysseyOfMe_Watch_AppTests.swift in Sources */,
			);
			runOnlyForDeploymentPostprocessing = 0;
		};
		F3EDEDE329147F6300BD4849 /* Sources */ = {
			isa = PBXSourcesBuildPhase;
			buildActionMask = 2147483647;
			files = (
				F3EDEDEE29147F6300BD4849 /* OdysseyOfMe_Watch_AppUITestsLaunchTests.swift in Sources */,
				F3EDEDEC29147F6300BD4849 /* OdysseyOfMe_Watch_AppUITests.swift in Sources */,
			);
			runOnlyForDeploymentPostprocessing = 0;
		};
/* End PBXSourcesBuildPhase section */

/* Begin PBXTargetDependency section */
		F3EDEDB729147F6200BD4849 /* PBXTargetDependency */ = {
			isa = PBXTargetDependency;
			target = F3EDEDA429147F6100BD4849 /* OdysseyOfMe */;
			targetProxy = F3EDEDB629147F6200BD4849 /* PBXContainerItemProxy */;
		};
		F3EDEDC129147F6200BD4849 /* PBXTargetDependency */ = {
			isa = PBXTargetDependency;
			target = F3EDEDA429147F6100BD4849 /* OdysseyOfMe */;
			targetProxy = F3EDEDC029147F6200BD4849 /* PBXContainerItemProxy */;
		};
		F3EDEDCE29147F6200BD4849 /* PBXTargetDependency */ = {
			isa = PBXTargetDependency;
			target = F3EDEDCA29147F6200BD4849 /* OdysseyOfMe Watch App */;
			targetProxy = F3EDEDCD29147F6200BD4849 /* PBXContainerItemProxy */;
		};
		F3EDEDDF29147F6300BD4849 /* PBXTargetDependency */ = {
			isa = PBXTargetDependency;
			target = F3EDEDCA29147F6200BD4849 /* OdysseyOfMe Watch App */;
			targetProxy = F3EDEDDE29147F6300BD4849 /* PBXContainerItemProxy */;
		};
		F3EDEDE929147F6300BD4849 /* PBXTargetDependency */ = {
			isa = PBXTargetDependency;
			target = F3EDEDCA29147F6200BD4849 /* OdysseyOfMe Watch App */;
			targetProxy = F3EDEDE829147F6300BD4849 /* PBXContainerItemProxy */;
		};
/* End PBXTargetDependency section */

/* Begin XCBuildConfiguration section */
		F3EDEDEF29147F6300BD4849 /* Debug */ = {
			isa = XCBuildConfiguration;
			buildSettings = {
				ALWAYS_SEARCH_USER_PATHS = NO;
				CLANG_ANALYZER_NONNULL = YES;
				CLANG_ANALYZER_NUMBER_OBJECT_CONVERSION = YES_AGGRESSIVE;
				CLANG_CXX_LANGUAGE_STANDARD = "gnu++20";
				CLANG_ENABLE_MODULES = YES;
				CLANG_ENABLE_OBJC_ARC = YES;
				CLANG_ENABLE_OBJC_WEAK = YES;
				CLANG_WARN_BLOCK_CAPTURE_AUTORELEASING = YES;
				CLANG_WARN_BOOL_CONVERSION = YES;
				CLANG_WARN_COMMA = YES;
				CLANG_WARN_CONSTANT_CONVERSION = YES;
				CLANG_WARN_DEPRECATED_OBJC_IMPLEMENTATIONS = YES;
				CLANG_WARN_DIRECT_OBJC_ISA_USAGE = YES_ERROR;
				CLANG_WARN_DOCUMENTATION_COMMENTS = YES;
				CLANG_WARN_EMPTY_BODY = YES;
				CLANG_WARN_ENUM_CONVERSION = YES;
				CLANG_WARN_INFINITE_RECURSION = YES;
				CLANG_WARN_INT_CONVERSION = YES;
				CLANG_WARN_NON_LITERAL_NULL_CONVERSION = YES;
				CLANG_WARN_OBJC_IMPLICIT_RETAIN_SELF = YES;
				CLANG_WARN_OBJC_LITERAL_CONVERSION = YES;
				CLANG_WARN_OBJC_ROOT_CLASS = YES_ERROR;
				CLANG_WARN_QUOTED_INCLUDE_IN_FRAMEWORK_HEADER = YES;
				CLANG_WARN_RANGE_LOOP_ANALYSIS = YES;
				CLANG_WARN_STRICT_PROTOTYPES = YES;
				CLANG_WARN_SUSPICIOUS_MOVE = YES;
				CLANG_WARN_UNGUARDED_AVAILABILITY = YES_AGGRESSIVE;
				CLANG_WARN_UNREACHABLE_CODE = YES;
				CLANG_WARN__DUPLICATE_METHOD_MATCH = YES;
				COPY_PHASE_STRIP = NO;
				DEAD_CODE_STRIPPING = YES;
				DEBUG_INFORMATION_FORMAT = dwarf;
				ENABLE_STRICT_OBJC_MSGSEND = YES;
				ENABLE_TESTABILITY = YES;
				GCC_C_LANGUAGE_STANDARD = gnu11;
				GCC_DYNAMIC_NO_PIC = NO;
				GCC_NO_COMMON_BLOCKS = YES;
				GCC_OPTIMIZATION_LEVEL = 0;
				GCC_PREPROCESSOR_DEFINITIONS = (
					"DEBUG=1",
					"$(inherited)",
				);
				GCC_WARN_64_TO_32_BIT_CONVERSION = YES;
				GCC_WARN_ABOUT_RETURN_TYPE = YES_ERROR;
				GCC_WARN_UNDECLARED_SELECTOR = YES;
				GCC_WARN_UNINITIALIZED_AUTOS = YES_AGGRESSIVE;
				GCC_WARN_UNUSED_FUNCTION = YES;
				GCC_WARN_UNUSED_VARIABLE = YES;
				MTL_ENABLE_DEBUG_INFO = INCLUDE_SOURCE;
				MTL_FAST_MATH = YES;
				ONLY_ACTIVE_ARCH = YES;
				SWIFT_ACTIVE_COMPILATION_CONDITIONS = DEBUG;
				SWIFT_OPTIMIZATION_LEVEL = "-Onone";
			};
			name = Debug;
		};
		F3EDEDF029147F6300BD4849 /* Release */ = {
			isa = XCBuildConfiguration;
			buildSettings = {
				ALWAYS_SEARCH_USER_PATHS = NO;
				CLANG_ANALYZER_NONNULL = YES;
				CLANG_ANALYZER_NUMBER_OBJECT_CONVERSION = YES_AGGRESSIVE;
				CLANG_CXX_LANGUAGE_STANDARD = "gnu++20";
				CLANG_ENABLE_MODULES = YES;
				CLANG_ENABLE_OBJC_ARC = YES;
				CLANG_ENABLE_OBJC_WEAK = YES;
				CLANG_WARN_BLOCK_CAPTURE_AUTORELEASING = YES;
				CLANG_WARN_BOOL_CONVERSION = YES;
				CLANG_WARN_COMMA = YES;
				CLANG_WARN_CONSTANT_CONVERSION = YES;
				CLANG_WARN_DEPRECATED_OBJC_IMPLEMENTATIONS = YES;
				CLANG_WARN_DIRECT_OBJC_ISA_USAGE = YES_ERROR;
				CLANG_WARN_DOCUMENTATION_COMMENTS = YES;
				CLANG_WARN_EMPTY_BODY = YES;
				CLANG_WARN_ENUM_CONVERSION = YES;
				CLANG_WARN_INFINITE_RECURSION = YES;
				CLANG_WARN_INT_CONVERSION = YES;
				CLANG_WARN_NON_LITERAL_NULL_CONVERSION = YES;
				CLANG_WARN_OBJC_IMPLICIT_RETAIN_SELF = YES;
				CLANG_WARN_OBJC_LITERAL_CONVERSION = YES;
				CLANG_WARN_OBJC_ROOT_CLASS = YES_ERROR;
				CLANG_WARN_QUOTED_INCLUDE_IN_FRAMEWORK_HEADER = YES;
				CLANG_WARN_RANGE_LOOP_ANALYSIS = YES;
				CLANG_WARN_STRICT_PROTOTYPES = YES;
				CLANG_WARN_SUSPICIOUS_MOVE = YES;
				CLANG_WARN_UNGUARDED_AVAILABILITY = YES_AGGRESSIVE;
				CLANG_WARN_UNREACHABLE_CODE = YES;
				CLANG_WARN__DUPLICATE_METHOD_MATCH = YES;
				COPY_PHASE_STRIP = NO;
				DEAD_CODE_STRIPPING = YES;
				DEBUG_INFORMATION_FORMAT = "dwarf-with-dsym";
				ENABLE_NS_ASSERTIONS = NO;
				ENABLE_STRICT_OBJC_MSGSEND = YES;
				GCC_C_LANGUAGE_STANDARD = gnu11;
				GCC_NO_COMMON_BLOCKS = YES;
				GCC_WARN_64_TO_32_BIT_CONVERSION = YES;
				GCC_WARN_ABOUT_RETURN_TYPE = YES_ERROR;
				GCC_WARN_UNDECLARED_SELECTOR = YES;
				GCC_WARN_UNINITIALIZED_AUTOS = YES_AGGRESSIVE;
				GCC_WARN_UNUSED_FUNCTION = YES;
				GCC_WARN_UNUSED_VARIABLE = YES;
				MTL_ENABLE_DEBUG_INFO = NO;
				MTL_FAST_MATH = YES;
				SWIFT_COMPILATION_MODE = wholemodule;
				SWIFT_OPTIMIZATION_LEVEL = "-O";
			};
			name = Release;
		};
		F3EDEDF229147F6300BD4849 /* Debug */ = {
			isa = XCBuildConfiguration;
			buildSettings = {
				ASSETCATALOG_COMPILER_APPICON_NAME = AppIcon;
				ASSETCATALOG_COMPILER_GLOBAL_ACCENT_COLOR_NAME = AccentColor;
				CODE_SIGN_ENTITLEMENTS = "OdysseyOfMe Watch App/OdysseyOfMe Watch App.entitlements";
				CODE_SIGN_STYLE = Automatic;
				CURRENT_PROJECT_VERSION = 1;
				DEVELOPMENT_ASSET_PATHS = "\"OdysseyOfMe Watch App/Preview Content\"";
				DEVELOPMENT_TEAM = NKAA46P4LV;
				ENABLE_PREVIEWS = YES;
				GENERATE_INFOPLIST_FILE = YES;
				INFOPLIST_FILE = "OdysseyOfMe-Watch-App-Info.plist";
				INFOPLIST_KEY_CFBundleDisplayName = OdysseyOfMe;
				INFOPLIST_KEY_LSApplicationCategoryType = "Privacy - Health Update Usage Description";
				INFOPLIST_KEY_NSHealthShareUsageDescription = "\"Allow sharing of healthkit data to read and track biometrics during mental health episode\"";
				INFOPLIST_KEY_NSHealthUpdateUsageDescription = "\"Allow app to record biometric health data to  better understand episodes\"";
				INFOPLIST_KEY_NSMicrophoneUsageDescription = "\"Allow usage of microphone to record noise levels in surrounding environment\"";
				INFOPLIST_KEY_UISupportedInterfaceOrientations = "UIInterfaceOrientationPortrait UIInterfaceOrientationPortraitUpsideDown";
				INFOPLIST_KEY_WKCompanionAppBundleIdentifier = com.Accolades.OdysseyOfMe;
				LD_RUNPATH_SEARCH_PATHS = (
					"$(inherited)",
					"@executable_path/Frameworks",
				);
				MARKETING_VERSION = 1.0;
				PRODUCT_BUNDLE_IDENTIFIER = com.Accolades.OdysseyOfMe.watchkitapp;
				PRODUCT_NAME = "$(TARGET_NAME)";
				SDKROOT = watchos;
				SKIP_INSTALL = YES;
				SWIFT_EMIT_LOC_STRINGS = YES;
				SWIFT_VERSION = 5.0;
				TARGETED_DEVICE_FAMILY = 4;
				WATCHOS_DEPLOYMENT_TARGET = 9.0;
			};
			name = Debug;
		};
		F3EDEDF329147F6300BD4849 /* Release */ = {
			isa = XCBuildConfiguration;
			buildSettings = {
				ASSETCATALOG_COMPILER_APPICON_NAME = AppIcon;
				ASSETCATALOG_COMPILER_GLOBAL_ACCENT_COLOR_NAME = AccentColor;
				CODE_SIGN_ENTITLEMENTS = "OdysseyOfMe Watch App/OdysseyOfMe Watch App.entitlements";
				CODE_SIGN_STYLE = Automatic;
				CURRENT_PROJECT_VERSION = 1;
				DEVELOPMENT_ASSET_PATHS = "\"OdysseyOfMe Watch App/Preview Content\"";
				DEVELOPMENT_TEAM = NKAA46P4LV;
				ENABLE_PREVIEWS = YES;
				GENERATE_INFOPLIST_FILE = YES;
				INFOPLIST_FILE = "OdysseyOfMe-Watch-App-Info.plist";
				INFOPLIST_KEY_CFBundleDisplayName = OdysseyOfMe;
				INFOPLIST_KEY_LSApplicationCategoryType = "Privacy - Health Update Usage Description";
				INFOPLIST_KEY_NSHealthShareUsageDescription = "\"Allow sharing of healthkit data to read and track biometrics during mental health episode\"";
				INFOPLIST_KEY_NSHealthUpdateUsageDescription = "\"Allow app to record biometric health data to  better understand episodes\"";
				INFOPLIST_KEY_NSMicrophoneUsageDescription = "\"Allow usage of microphone to record noise levels in surrounding environment\"";
				INFOPLIST_KEY_UISupportedInterfaceOrientations = "UIInterfaceOrientationPortrait UIInterfaceOrientationPortraitUpsideDown";
				INFOPLIST_KEY_WKCompanionAppBundleIdentifier = com.Accolades.OdysseyOfMe;
				LD_RUNPATH_SEARCH_PATHS = (
					"$(inherited)",
					"@executable_path/Frameworks",
				);
				MARKETING_VERSION = 1.0;
				PRODUCT_BUNDLE_IDENTIFIER = com.Accolades.OdysseyOfMe.watchkitapp;
				PRODUCT_NAME = "$(TARGET_NAME)";
				SDKROOT = watchos;
				SKIP_INSTALL = YES;
				SWIFT_EMIT_LOC_STRINGS = YES;
				SWIFT_VERSION = 5.0;
				TARGETED_DEVICE_FAMILY = 4;
				VALIDATE_PRODUCT = YES;
				WATCHOS_DEPLOYMENT_TARGET = 9.0;
			};
			name = Release;
		};
		F3EDEDF629147F6300BD4849 /* Debug */ = {
			isa = XCBuildConfiguration;
			buildSettings = {
				ALWAYS_EMBED_SWIFT_STANDARD_LIBRARIES = YES;
				ASSETCATALOG_COMPILER_APPICON_NAME = AppIcon;
				ASSETCATALOG_COMPILER_GLOBAL_ACCENT_COLOR_NAME = AccentColor;
				ASSETCATALOG_COMPILER_INCLUDE_ALL_APPICON_ASSETS = YES;
				CODE_SIGN_ENTITLEMENTS = OdysseyOfMe/OdysseyOfMe.entitlements;
				CODE_SIGN_STYLE = Automatic;
				CURRENT_PROJECT_VERSION = 1;
				DEVELOPMENT_ASSET_PATHS = "\"OdysseyOfMe/Preview Content\"";
				DEVELOPMENT_TEAM = NKAA46P4LV;
				ENABLE_PREVIEWS = YES;
				GENERATE_INFOPLIST_FILE = YES;
				INFOPLIST_FILE = OdysseyOfMe/Info.plist;
				INFOPLIST_KEY_CFBundleDisplayName = OdysseyOfMe;
				INFOPLIST_KEY_LSApplicationCategoryType = "public.app-category.healthcare-fitness";
				INFOPLIST_KEY_NSHealthShareUsageDescription = "\"Allow app to read biometric health data to better understand episodes\"";
				INFOPLIST_KEY_NSHealthUpdateUsageDescription = "\"Allow app to record biometric health data to  better understand episodes\"";
				INFOPLIST_KEY_NSMicrophoneUsageDescription = "\"Allow app to use microphone to record decibel levels of environment during episodes\"";
				INFOPLIST_KEY_UIApplicationSceneManifest_Generation = YES;
				INFOPLIST_KEY_UIApplicationSupportsIndirectInputEvents = YES;
				INFOPLIST_KEY_UILaunchScreen_Generation = YES;
				INFOPLIST_KEY_UISupportedInterfaceOrientations_iPad = "UIInterfaceOrientationPortrait UIInterfaceOrientationPortraitUpsideDown UIInterfaceOrientationLandscapeLeft UIInterfaceOrientationLandscapeRight";
				INFOPLIST_KEY_UISupportedInterfaceOrientations_iPhone = "UIInterfaceOrientationPortrait UIInterfaceOrientationLandscapeLeft UIInterfaceOrientationLandscapeRight";
				IPHONEOS_DEPLOYMENT_TARGET = 16.0;
				LD_RUNPATH_SEARCH_PATHS = (
					"$(inherited)",
					"@executable_path/Frameworks",
				);
				MARKETING_VERSION = 1.0;
				PRODUCT_BUNDLE_IDENTIFIER = com.Accolades.OdysseyOfMe;
				PRODUCT_NAME = "$(TARGET_NAME)";
				SDKROOT = iphoneos;
				SWIFT_EMIT_LOC_STRINGS = YES;
				SWIFT_VERSION = 5.0;
				TARGETED_DEVICE_FAMILY = "1,2";
			};
			name = Debug;
		};
		F3EDEDF729147F6300BD4849 /* Release */ = {
			isa = XCBuildConfiguration;
			buildSettings = {
				ALWAYS_EMBED_SWIFT_STANDARD_LIBRARIES = YES;
				ASSETCATALOG_COMPILER_APPICON_NAME = AppIcon;
				ASSETCATALOG_COMPILER_GLOBAL_ACCENT_COLOR_NAME = AccentColor;
				ASSETCATALOG_COMPILER_INCLUDE_ALL_APPICON_ASSETS = YES;
				CODE_SIGN_ENTITLEMENTS = OdysseyOfMe/OdysseyOfMe.entitlements;
				CODE_SIGN_STYLE = Automatic;
				CURRENT_PROJECT_VERSION = 1;
				DEVELOPMENT_ASSET_PATHS = "\"OdysseyOfMe/Preview Content\"";
				DEVELOPMENT_TEAM = NKAA46P4LV;
				ENABLE_PREVIEWS = YES;
				GENERATE_INFOPLIST_FILE = YES;
				INFOPLIST_FILE = OdysseyOfMe/Info.plist;
				INFOPLIST_KEY_CFBundleDisplayName = OdysseyOfMe;
				INFOPLIST_KEY_LSApplicationCategoryType = "public.app-category.healthcare-fitness";
				INFOPLIST_KEY_NSHealthShareUsageDescription = "\"Allow app to read biometric health data to better understand episodes\"";
				INFOPLIST_KEY_NSHealthUpdateUsageDescription = "\"Allow app to record biometric health data to  better understand episodes\"";
				INFOPLIST_KEY_NSMicrophoneUsageDescription = "\"Allow app to use microphone to record decibel levels of environment during episodes\"";
				INFOPLIST_KEY_UIApplicationSceneManifest_Generation = YES;
				INFOPLIST_KEY_UIApplicationSupportsIndirectInputEvents = YES;
				INFOPLIST_KEY_UILaunchScreen_Generation = YES;
				INFOPLIST_KEY_UISupportedInterfaceOrientations_iPad = "UIInterfaceOrientationPortrait UIInterfaceOrientationPortraitUpsideDown UIInterfaceOrientationLandscapeLeft UIInterfaceOrientationLandscapeRight";
				INFOPLIST_KEY_UISupportedInterfaceOrientations_iPhone = "UIInterfaceOrientationPortrait UIInterfaceOrientationLandscapeLeft UIInterfaceOrientationLandscapeRight";
				IPHONEOS_DEPLOYMENT_TARGET = 16.0;
				LD_RUNPATH_SEARCH_PATHS = (
					"$(inherited)",
					"@executable_path/Frameworks",
				);
				MARKETING_VERSION = 1.0;
				PRODUCT_BUNDLE_IDENTIFIER = com.Accolades.OdysseyOfMe;
				PRODUCT_NAME = "$(TARGET_NAME)";
				SDKROOT = iphoneos;
				SWIFT_EMIT_LOC_STRINGS = YES;
				SWIFT_VERSION = 5.0;
				TARGETED_DEVICE_FAMILY = "1,2";
				VALIDATE_PRODUCT = YES;
			};
			name = Release;
		};
		F3EDEDF929147F6300BD4849 /* Debug */ = {
			isa = XCBuildConfiguration;
			buildSettings = {
				ALWAYS_EMBED_SWIFT_STANDARD_LIBRARIES = YES;
				BUNDLE_LOADER = "$(TEST_HOST)";
				CODE_SIGN_STYLE = Automatic;
				CURRENT_PROJECT_VERSION = 1;
				DEVELOPMENT_TEAM = NKAA46P4LV;
				GENERATE_INFOPLIST_FILE = YES;
				IPHONEOS_DEPLOYMENT_TARGET = 16.0;
				MARKETING_VERSION = 1.0;
				PRODUCT_BUNDLE_IDENTIFIER = com.Accolades.OdysseyOfMeTests;
				PRODUCT_NAME = "$(TARGET_NAME)";
				SDKROOT = iphoneos;
				SWIFT_EMIT_LOC_STRINGS = NO;
				SWIFT_VERSION = 5.0;
				TARGETED_DEVICE_FAMILY = "1,2";
				TEST_HOST = "$(BUILT_PRODUCTS_DIR)/OdysseyOfMe.app/$(BUNDLE_EXECUTABLE_FOLDER_PATH)/OdysseyOfMe";
			};
			name = Debug;
		};
		F3EDEDFA29147F6300BD4849 /* Release */ = {
			isa = XCBuildConfiguration;
			buildSettings = {
				ALWAYS_EMBED_SWIFT_STANDARD_LIBRARIES = YES;
				BUNDLE_LOADER = "$(TEST_HOST)";
				CODE_SIGN_STYLE = Automatic;
				CURRENT_PROJECT_VERSION = 1;
				DEVELOPMENT_TEAM = NKAA46P4LV;
				GENERATE_INFOPLIST_FILE = YES;
				IPHONEOS_DEPLOYMENT_TARGET = 16.0;
				MARKETING_VERSION = 1.0;
				PRODUCT_BUNDLE_IDENTIFIER = com.Accolades.OdysseyOfMeTests;
				PRODUCT_NAME = "$(TARGET_NAME)";
				SDKROOT = iphoneos;
				SWIFT_EMIT_LOC_STRINGS = NO;
				SWIFT_VERSION = 5.0;
				TARGETED_DEVICE_FAMILY = "1,2";
				TEST_HOST = "$(BUILT_PRODUCTS_DIR)/OdysseyOfMe.app/$(BUNDLE_EXECUTABLE_FOLDER_PATH)/OdysseyOfMe";
				VALIDATE_PRODUCT = YES;
			};
			name = Release;
		};
		F3EDEDFC29147F6300BD4849 /* Debug */ = {
			isa = XCBuildConfiguration;
			buildSettings = {
				ALWAYS_EMBED_SWIFT_STANDARD_LIBRARIES = YES;
				CODE_SIGN_STYLE = Automatic;
				CURRENT_PROJECT_VERSION = 1;
				DEVELOPMENT_TEAM = NKAA46P4LV;
				GENERATE_INFOPLIST_FILE = YES;
				IPHONEOS_DEPLOYMENT_TARGET = 16.0;
				MARKETING_VERSION = 1.0;
				PRODUCT_BUNDLE_IDENTIFIER = com.Accolades.OdysseyOfMeUITests;
				PRODUCT_NAME = "$(TARGET_NAME)";
				SDKROOT = iphoneos;
				SWIFT_EMIT_LOC_STRINGS = NO;
				SWIFT_VERSION = 5.0;
				TARGETED_DEVICE_FAMILY = "1,2";
				TEST_TARGET_NAME = OdysseyOfMe;
			};
			name = Debug;
		};
		F3EDEDFD29147F6300BD4849 /* Release */ = {
			isa = XCBuildConfiguration;
			buildSettings = {
				ALWAYS_EMBED_SWIFT_STANDARD_LIBRARIES = YES;
				CODE_SIGN_STYLE = Automatic;
				CURRENT_PROJECT_VERSION = 1;
				DEVELOPMENT_TEAM = NKAA46P4LV;
				GENERATE_INFOPLIST_FILE = YES;
				IPHONEOS_DEPLOYMENT_TARGET = 16.0;
				MARKETING_VERSION = 1.0;
				PRODUCT_BUNDLE_IDENTIFIER = com.Accolades.OdysseyOfMeUITests;
				PRODUCT_NAME = "$(TARGET_NAME)";
				SDKROOT = iphoneos;
				SWIFT_EMIT_LOC_STRINGS = NO;
				SWIFT_VERSION = 5.0;
				TARGETED_DEVICE_FAMILY = "1,2";
				TEST_TARGET_NAME = OdysseyOfMe;
				VALIDATE_PRODUCT = YES;
			};
			name = Release;
		};
		F3EDEDFF29147F6300BD4849 /* Debug */ = {
			isa = XCBuildConfiguration;
			buildSettings = {
				ALWAYS_EMBED_SWIFT_STANDARD_LIBRARIES = YES;
				BUNDLE_LOADER = "$(TEST_HOST)";
				CODE_SIGN_STYLE = Automatic;
				CURRENT_PROJECT_VERSION = 1;
				DEVELOPMENT_TEAM = NKAA46P4LV;
				GENERATE_INFOPLIST_FILE = YES;
				MARKETING_VERSION = 1.0;
				PRODUCT_BUNDLE_IDENTIFIER = "com.Accolades.OdysseyOfMe-Watch-AppTests";
				PRODUCT_NAME = "$(TARGET_NAME)";
				SDKROOT = watchos;
				SWIFT_EMIT_LOC_STRINGS = NO;
				SWIFT_VERSION = 5.0;
				TARGETED_DEVICE_FAMILY = 4;
				TEST_HOST = "$(BUILT_PRODUCTS_DIR)/OdysseyOfMe Watch App.app/$(BUNDLE_EXECUTABLE_FOLDER_PATH)/OdysseyOfMe Watch App";
				WATCHOS_DEPLOYMENT_TARGET = 9.0;
			};
			name = Debug;
		};
		F3EDEE0029147F6300BD4849 /* Release */ = {
			isa = XCBuildConfiguration;
			buildSettings = {
				ALWAYS_EMBED_SWIFT_STANDARD_LIBRARIES = YES;
				BUNDLE_LOADER = "$(TEST_HOST)";
				CODE_SIGN_STYLE = Automatic;
				CURRENT_PROJECT_VERSION = 1;
				DEVELOPMENT_TEAM = NKAA46P4LV;
				GENERATE_INFOPLIST_FILE = YES;
				MARKETING_VERSION = 1.0;
				PRODUCT_BUNDLE_IDENTIFIER = "com.Accolades.OdysseyOfMe-Watch-AppTests";
				PRODUCT_NAME = "$(TARGET_NAME)";
				SDKROOT = watchos;
				SWIFT_EMIT_LOC_STRINGS = NO;
				SWIFT_VERSION = 5.0;
				TARGETED_DEVICE_FAMILY = 4;
				TEST_HOST = "$(BUILT_PRODUCTS_DIR)/OdysseyOfMe Watch App.app/$(BUNDLE_EXECUTABLE_FOLDER_PATH)/OdysseyOfMe Watch App";
				VALIDATE_PRODUCT = YES;
				WATCHOS_DEPLOYMENT_TARGET = 9.0;
			};
			name = Release;
		};
		F3EDEE0229147F6300BD4849 /* Debug */ = {
			isa = XCBuildConfiguration;
			buildSettings = {
				ALWAYS_EMBED_SWIFT_STANDARD_LIBRARIES = YES;
				CODE_SIGN_STYLE = Automatic;
				CURRENT_PROJECT_VERSION = 1;
				DEVELOPMENT_TEAM = NKAA46P4LV;
				GENERATE_INFOPLIST_FILE = YES;
				MARKETING_VERSION = 1.0;
				PRODUCT_BUNDLE_IDENTIFIER = "com.Accolades.OdysseyOfMe-Watch-AppUITests";
				PRODUCT_NAME = "$(TARGET_NAME)";
				SDKROOT = watchos;
				SWIFT_EMIT_LOC_STRINGS = NO;
				SWIFT_VERSION = 5.0;
				TARGETED_DEVICE_FAMILY = 4;
				TEST_TARGET_NAME = "OdysseyOfMe Watch App";
				WATCHOS_DEPLOYMENT_TARGET = 9.0;
			};
			name = Debug;
		};
		F3EDEE0329147F6300BD4849 /* Release */ = {
			isa = XCBuildConfiguration;
			buildSettings = {
				ALWAYS_EMBED_SWIFT_STANDARD_LIBRARIES = YES;
				CODE_SIGN_STYLE = Automatic;
				CURRENT_PROJECT_VERSION = 1;
				DEVELOPMENT_TEAM = NKAA46P4LV;
				GENERATE_INFOPLIST_FILE = YES;
				MARKETING_VERSION = 1.0;
				PRODUCT_BUNDLE_IDENTIFIER = "com.Accolades.OdysseyOfMe-Watch-AppUITests";
				PRODUCT_NAME = "$(TARGET_NAME)";
				SDKROOT = watchos;
				SWIFT_EMIT_LOC_STRINGS = NO;
				SWIFT_VERSION = 5.0;
				TARGETED_DEVICE_FAMILY = 4;
				TEST_TARGET_NAME = "OdysseyOfMe Watch App";
				VALIDATE_PRODUCT = YES;
				WATCHOS_DEPLOYMENT_TARGET = 9.0;
			};
			name = Release;
		};
/* End XCBuildConfiguration section */

/* Begin XCConfigurationList section */
		F3EDEDA029147F6000BD4849 /* Build configuration list for PBXProject "OdysseyOfMe" */ = {
			isa = XCConfigurationList;
			buildConfigurations = (
				F3EDEDEF29147F6300BD4849 /* Debug */,
				F3EDEDF029147F6300BD4849 /* Release */,
			);
			defaultConfigurationIsVisible = 0;
			defaultConfigurationName = Release;
		};
		F3EDEDF129147F6300BD4849 /* Build configuration list for PBXNativeTarget "OdysseyOfMe Watch App" */ = {
			isa = XCConfigurationList;
			buildConfigurations = (
				F3EDEDF229147F6300BD4849 /* Debug */,
				F3EDEDF329147F6300BD4849 /* Release */,
			);
			defaultConfigurationIsVisible = 0;
			defaultConfigurationName = Release;
		};
		F3EDEDF529147F6300BD4849 /* Build configuration list for PBXNativeTarget "OdysseyOfMe" */ = {
			isa = XCConfigurationList;
			buildConfigurations = (
				F3EDEDF629147F6300BD4849 /* Debug */,
				F3EDEDF729147F6300BD4849 /* Release */,
			);
			defaultConfigurationIsVisible = 0;
			defaultConfigurationName = Release;
		};
		F3EDEDF829147F6300BD4849 /* Build configuration list for PBXNativeTarget "OdysseyOfMeTests" */ = {
			isa = XCConfigurationList;
			buildConfigurations = (
				F3EDEDF929147F6300BD4849 /* Debug */,
				F3EDEDFA29147F6300BD4849 /* Release */,
			);
			defaultConfigurationIsVisible = 0;
			defaultConfigurationName = Release;
		};
		F3EDEDFB29147F6300BD4849 /* Build configuration list for PBXNativeTarget "OdysseyOfMeUITests" */ = {
			isa = XCConfigurationList;
			buildConfigurations = (
				F3EDEDFC29147F6300BD4849 /* Debug */,
				F3EDEDFD29147F6300BD4849 /* Release */,
			);
			defaultConfigurationIsVisible = 0;
			defaultConfigurationName = Release;
		};
		F3EDEDFE29147F6300BD4849 /* Build configuration list for PBXNativeTarget "OdysseyOfMe Watch AppTests" */ = {
			isa = XCConfigurationList;
			buildConfigurations = (
				F3EDEDFF29147F6300BD4849 /* Debug */,
				F3EDEE0029147F6300BD4849 /* Release */,
			);
			defaultConfigurationIsVisible = 0;
			defaultConfigurationName = Release;
		};
		F3EDEE0129147F6300BD4849 /* Build configuration list for PBXNativeTarget "OdysseyOfMe Watch AppUITests" */ = {
			isa = XCConfigurationList;
			buildConfigurations = (
				F3EDEE0229147F6300BD4849 /* Debug */,
				F3EDEE0329147F6300BD4849 /* Release */,
			);
			defaultConfigurationIsVisible = 0;
			defaultConfigurationName = Release;
		};
/* End XCConfigurationList section */

/* Begin XCVersionGroup section */
		F3BFA9572917426000059E6C /* DataStore.xcdatamodeld */ = {
			isa = XCVersionGroup;
			children = (
				F3BFA9582917426000059E6C /* DataStore.xcdatamodel */,
			);
			currentVersion = F3BFA9582917426000059E6C /* DataStore.xcdatamodel */;
			path = DataStore.xcdatamodeld;
			sourceTree = "<group>";
			versionGroupType = wrapper.xcdatamodel;
		};
/* End XCVersionGroup section */
	};
	rootObject = F3EDED9D29147F6000BD4849 /* Project object */;
}
